
Microsoft Visual Studio Solution File, Format Version 12.00
# Visual Studio Version 16
VisualStudioVersion = 16.0.31410.357
MinimumVisualStudioVersion = 10.0.40219.1
Project("{FAE04EC0-301F-11D3-BF4B-00C04F79EFBC}") = "DBViewer", "DBViewer\DBViewer.csproj", "{9661DDF7-CD27-44BA-8F04-13908BC8099B}"
EndProject
Global
	GlobalSection(SolutionConfigurationPlatforms) = preSolution
		Debug|Any CPU = Debug|Any CPU
		Debug|x64 = Debug|x64
		Release|Any CPU = Release|Any CPU
		Release|x64 = Release|x64
	EndGlobalSection
	GlobalSection(ProjectConfigurationPlatforms) = postSolution
		{9661DDF7-CD27-44BA-8F04-13908BC8099B}.Debug|Any CPU.ActiveCfg = Debug|Any CPU
		{9661DDF7-CD27-44BA-8F04-13908BC8099B}.Debug|Any CPU.Build.0 = Debug|Any CPU
		{9661DDF7-CD27-44BA-8F04-13908BC8099B}.Debug|x64.ActiveCfg = Debug|x64
		{9661DDF7-CD27-44BA-8F04-13908BC8099B}.Debug|x64.Build.0 = Debug|x64
		{9661DDF7-CD27-44BA-8F04-13908BC8099B}.Release|Any CPU.ActiveCfg = Release|Any CPU
		{9661DDF7-CD27-44BA-8F04-13908BC8099B}.Release|Any CPU.Build.0 = Release|Any CPU
		{9661DDF7-CD27-44BA-8F04-13908BC8099B}.Release|x64.ActiveCfg = Release|x64
		{9661DDF7-CD27-44BA-8F04-13908BC8099B}.Release|x64.Build.0 = Release|x64
	EndGlobalSection
	GlobalSection(SolutionProperties) = preSolution
		HideSolutionNode = FALSE
	EndGlobalSection
	GlobalSection(ExtensibilityGlobals) = postSolution
		SolutionGuid = {294C7D5F-0CF4-4DDD-A16A-31803BC4E192}
	EndGlobalSection
EndGlobal
